
Microsoft Visual Studio Solution File, Format Version 12.00
# Visual Studio 15
VisualStudioVersion = 15.0.27130.2010
MinimumVisualStudioVersion = 10.0.40219.1
Project("{FAE04EC0-301F-11D3-BF4B-00C04F79EFBC}") = "InheritanceAndPolymorphismPractice", "InheritanceAndPolymorphismPractice\InheritanceAndPolymorphismPractice.csproj", "{DB4D6DE6-F1DE-4161-B322-6D62000EE7B4}"
EndProject
Global
	GlobalSection(SolutionConfigurationPlatforms) = preSolution
		Debug|Any CPU = Debug|Any CPU
		Release|Any CPU = Release|Any CPU
	EndGlobalSection
	GlobalSection(ProjectConfigurationPlatforms) = postSolution
		{DB4D6DE6-F1DE-4161-B322-6D62000EE7B4}.Debug|Any CPU.ActiveCfg = Debug|Any CPU
		{DB4D6DE6-F1DE-4161-B322-6D62000EE7B4}.Debug|Any CPU.Build.0 = Debug|Any CPU
		{DB4D6DE6-F1DE-4161-B322-6D62000EE7B4}.Release|Any CPU.ActiveCfg = Release|Any CPU
		{DB4D6DE6-F1DE-4161-B322-6D62000EE7B4}.Release|Any CPU.Build.0 = Release|Any CPU
	EndGlobalSection
	GlobalSection(SolutionProperties) = preSolution
		HideSolutionNode = FALSE
	EndGlobalSection
	GlobalSection(ExtensibilityGlobals) = postSolution
		SolutionGuid = {0811D641-0844-4ED4-9532-126EEA8373B9}
	EndGlobalSection
EndGlobal
